{
  "pins" : [
    {
      "identity" : "alamofire",
      "kind" : "remoteSourceControl",
      "location" : "https://github.com/Alamofire/Alamofire",
      "state" : {
        "branch" : "master",
        "revision" : "1153741db9ec477a5ffcbefc45660bf079bb0abe"
      }
    },
    {
      "identity" : "kingfisher",
      "kind" : "remoteSourceControl",
      "location" : "https://github.com/onevcat/Kingfisher",
      "state" : {
        "revision" : "e8625b80c413457b13ea9be75d07f6e9f5830c19",
        "version" : "7.7.0"
      }
    },
    {
      "identity" : "tinyconstraints",
      "kind" : "remoteSourceControl",
      "location" : "https://github.com/roberthein/TinyConstraints",
      "state" : {
        "branch" : "master",
        "revision" : "a89996a77d364eb85abdd09d42d2274e35ba56dc"
      }
    }
  ],
  "version" : 2
}
